
Microsoft Visual Studio Solution File, Format Version 12.00
# Visual Studio Version 16
VisualStudioVersion = 16.0.30907.101
MinimumVisualStudioVersion = 10.0.40219.1
Project("{FAE04EC0-301F-11D3-BF4B-00C04F79EFBC}") = "ClassMetotDemo", "ClassMetotDemo\ClassMetotDemo.csproj", "{438FCD53-6AB7-4D0C-AF79-E8A12C52DEE0}"
EndProject
Global
	GlobalSection(SolutionConfigurationPlatforms) = preSolution
		Debug|Any CPU = Debug|Any CPU
		Release|Any CPU = Release|Any CPU
	EndGlobalSection
	GlobalSection(ProjectConfigurationPlatforms) = postSolution
		{438FCD53-6AB7-4D0C-AF79-E8A12C52DEE0}.Debug|Any CPU.ActiveCfg = Debug|Any CPU
		{438FCD53-6AB7-4D0C-AF79-E8A12C52DEE0}.Debug|Any CPU.Build.0 = Debug|Any CPU
		{438FCD53-6AB7-4D0C-AF79-E8A12C52DEE0}.Release|Any CPU.ActiveCfg = Release|Any CPU
		{438FCD53-6AB7-4D0C-AF79-E8A12C52DEE0}.Release|Any CPU.Build.0 = Release|Any CPU
	EndGlobalSection
	GlobalSection(SolutionProperties) = preSolution
		HideSolutionNode = FALSE
	EndGlobalSection
	GlobalSection(ExtensibilityGlobals) = postSolution
		SolutionGuid = {4D520EF7-5CB7-4E48-ACDC-CD2B4AE4928C}
	EndGlobalSection
EndGlobal
